
Microsoft Visual Studio Solution File, Format Version 12.00
# Visual Studio Version 16
VisualStudioVersion = 16.0.31313.79
MinimumVisualStudioVersion = 10.0.40219.1
Project("{FAE04EC0-301F-11D3-BF4B-00C04F79EFBC}") = "ProductAdmin.API", "ProductAdmin.API.csproj", "{68417F03-9FC6-474F-9D48-03BACC9BFDDE}"
EndProject
Global
	GlobalSection(SolutionConfigurationPlatforms) = preSolution
		Debug|Any CPU = Debug|Any CPU
		Release|Any CPU = Release|Any CPU
	EndGlobalSection
	GlobalSection(ProjectConfigurationPlatforms) = postSolution
		{68417F03-9FC6-474F-9D48-03BACC9BFDDE}.Debug|Any CPU.ActiveCfg = Debug|Any CPU
		{68417F03-9FC6-474F-9D48-03BACC9BFDDE}.Debug|Any CPU.Build.0 = Debug|Any CPU
		{68417F03-9FC6-474F-9D48-03BACC9BFDDE}.Release|Any CPU.ActiveCfg = Release|Any CPU
		{68417F03-9FC6-474F-9D48-03BACC9BFDDE}.Release|Any CPU.Build.0 = Release|Any CPU
	EndGlobalSection
	GlobalSection(SolutionProperties) = preSolution
		HideSolutionNode = FALSE
	EndGlobalSection
	GlobalSection(ExtensibilityGlobals) = postSolution
		SolutionGuid = {70F92B06-1F79-43E0-BEED-D52A6C22C993}
	EndGlobalSection
EndGlobal
